
Microsoft Visual Studio Solution File, Format Version 12.00
# Visual Studio Version 17
VisualStudioVersion = 17.11.35219.272
MinimumVisualStudioVersion = 10.0.40219.1
Project("{2150E333-8FDC-42A3-9474-1A3956D46DE8}") = "src", "src", "{F14B9E7B-28E6-4CA7-B811-4EE835A1A87E}"
EndProject
Project("{FAE04EC0-301F-11D3-BF4B-00C04F79EFBC}") = "APIVersioningDemo.API", "src\APIVersioningDemo.API\APIVersioningDemo.API.csproj", "{4BF05E23-2F95-4B65-AF70-4732A414946D}"
EndProject
Global
	GlobalSection(SolutionConfigurationPlatforms) = preSolution
		Debug|Any CPU = Debug|Any CPU
		Release|Any CPU = Release|Any CPU
	EndGlobalSection
	GlobalSection(ProjectConfigurationPlatforms) = postSolution
		{4BF05E23-2F95-4B65-AF70-4732A414946D}.Debug|Any CPU.ActiveCfg = Debug|Any CPU
		{4BF05E23-2F95-4B65-AF70-4732A414946D}.Debug|Any CPU.Build.0 = Debug|Any CPU
		{4BF05E23-2F95-4B65-AF70-4732A414946D}.Release|Any CPU.ActiveCfg = Release|Any CPU
		{4BF05E23-2F95-4B65-AF70-4732A414946D}.Release|Any CPU.Build.0 = Release|Any CPU
	EndGlobalSection
	GlobalSection(SolutionProperties) = preSolution
		HideSolutionNode = FALSE
	EndGlobalSection
	GlobalSection(NestedProjects) = preSolution
		{4BF05E23-2F95-4B65-AF70-4732A414946D} = {F14B9E7B-28E6-4CA7-B811-4EE835A1A87E}
	EndGlobalSection
	GlobalSection(ExtensibilityGlobals) = postSolution
		SolutionGuid = {7E443AF7-C8A3-4876-9187-F2FC137AF1A0}
	EndGlobalSection
EndGlobal
